schema: '2.0'
stages:
  get_data:
    cmd: python get_data.py
    deps:
    - path: get_data.py
      hash: md5
      md5: 5c58a41f367641999be4b1beef6ca533
      size: 281
    outs:
    - path: data/credit_card_default.csv
      hash: md5
      md5: 50b58a0155974d8d22a10691158c2694
      size: 2897209
  train:
    cmd: python train.py
    deps:
    - path: data/credit_card_default.csv
      hash: md5
      md5: 50b58a0155974d8d22a10691158c2694
      size: 2897209
    - path: train.py
      hash: md5
      md5: f7dc05e7979d0de77995d9823fcb568c
      size: 1458
    outs:
    - path: confusion_matrix.png
      hash: md5
      md5: 9bc6c3d4666297c131ba5aacedc5126a
      size: 19542
    - path: metrics.json
      hash: md5
      md5: b365f6c522938e98ddf29bae6047f367
      size: 32
